
Microsoft Visual Studio Solution File, Format Version 12.00
# Visual Studio Version 17
VisualStudioVersion = 17.4.33213.308
MinimumVisualStudioVersion = 10.0.40219.1
Project("{9A19103F-16F7-4668-BE54-9A1E7A4F7556}") = "OPCollectionConsole", "OPCollectionConsole\OPCollectionConsole.csproj", "{7ED62F8B-32E2-4039-9C17-906E85675A29}"
EndProject
Project("{9A19103F-16F7-4668-BE54-9A1E7A4F7556}") = "BST", "BST\BST.csproj", "{F8CB5543-A35E-46B6-9EB3-AF192869B8FB}"
EndProject
Project("{9A19103F-16F7-4668-BE54-9A1E7A4F7556}") = "SimpleCollections", "SimpleCollections\SimpleCollections.csproj", "{7EEADEDD-62AA-46FE-83D5-8E18BEB5B79B}"
EndProject
Project("{9A19103F-16F7-4668-BE54-9A1E7A4F7556}") = "RBT", "RBT\RBT.csproj", "{68132F7D-8AEE-49C3-BCB2-E5807C050BBE}"
EndProject
Project("{FAE04EC0-301F-11D3-BF4B-00C04F79EFBC}") = "FrequencyAnalysis", "FrequencyAnalysis\FrequencyAnalysis.csproj", "{F4194332-7A34-48FE-9843-EC9F92ED7AEE}"
EndProject
Global
	GlobalSection(SolutionConfigurationPlatforms) = preSolution
		Debug|Any CPU = Debug|Any CPU
		Release|Any CPU = Release|Any CPU
	EndGlobalSection
	GlobalSection(ProjectConfigurationPlatforms) = postSolution
		{7ED62F8B-32E2-4039-9C17-906E85675A29}.Debug|Any CPU.ActiveCfg = Debug|Any CPU
		{7ED62F8B-32E2-4039-9C17-906E85675A29}.Debug|Any CPU.Build.0 = Debug|Any CPU
		{7ED62F8B-32E2-4039-9C17-906E85675A29}.Release|Any CPU.ActiveCfg = Release|Any CPU
		{7ED62F8B-32E2-4039-9C17-906E85675A29}.Release|Any CPU.Build.0 = Release|Any CPU
		{F8CB5543-A35E-46B6-9EB3-AF192869B8FB}.Debug|Any CPU.ActiveCfg = Debug|Any CPU
		{F8CB5543-A35E-46B6-9EB3-AF192869B8FB}.Debug|Any CPU.Build.0 = Debug|Any CPU
		{F8CB5543-A35E-46B6-9EB3-AF192869B8FB}.Release|Any CPU.ActiveCfg = Release|Any CPU
		{F8CB5543-A35E-46B6-9EB3-AF192869B8FB}.Release|Any CPU.Build.0 = Release|Any CPU
		{7EEADEDD-62AA-46FE-83D5-8E18BEB5B79B}.Debug|Any CPU.ActiveCfg = Debug|Any CPU
		{7EEADEDD-62AA-46FE-83D5-8E18BEB5B79B}.Debug|Any CPU.Build.0 = Debug|Any CPU
		{7EEADEDD-62AA-46FE-83D5-8E18BEB5B79B}.Release|Any CPU.ActiveCfg = Release|Any CPU
		{7EEADEDD-62AA-46FE-83D5-8E18BEB5B79B}.Release|Any CPU.Build.0 = Release|Any CPU
		{68132F7D-8AEE-49C3-BCB2-E5807C050BBE}.Debug|Any CPU.ActiveCfg = Debug|Any CPU
		{68132F7D-8AEE-49C3-BCB2-E5807C050BBE}.Debug|Any CPU.Build.0 = Debug|Any CPU
		{68132F7D-8AEE-49C3-BCB2-E5807C050BBE}.Release|Any CPU.ActiveCfg = Release|Any CPU
		{68132F7D-8AEE-49C3-BCB2-E5807C050BBE}.Release|Any CPU.Build.0 = Release|Any CPU
		{F4194332-7A34-48FE-9843-EC9F92ED7AEE}.Debug|Any CPU.ActiveCfg = Debug|Any CPU
		{F4194332-7A34-48FE-9843-EC9F92ED7AEE}.Debug|Any CPU.Build.0 = Debug|Any CPU
		{F4194332-7A34-48FE-9843-EC9F92ED7AEE}.Release|Any CPU.ActiveCfg = Release|Any CPU
		{F4194332-7A34-48FE-9843-EC9F92ED7AEE}.Release|Any CPU.Build.0 = Release|Any CPU
	EndGlobalSection
	GlobalSection(SolutionProperties) = preSolution
		HideSolutionNode = FALSE
	EndGlobalSection
	GlobalSection(ExtensibilityGlobals) = postSolution
		SolutionGuid = {4CAFFE5B-22C0-43EE-AAB2-6D40041BACFE}
	EndGlobalSection
EndGlobal
